<?xml version="1.0" encoding="utf-8"?>
<Project ToolsVersion="17.0" xmlns="http://schemas.microsoft.com/developer/msbuild/2003">
  <ItemGroup>
    <ClCompile Include="C:\Users\Merrow\source\plusoedi\src\main.cpp">
      <Filter>Source Files</Filter>
    </ClCompile>
    <ClCompile Include="C:\Users\Merrow\source\plusoedi\src\domain\entities\AuditLog.cpp">
      <Filter>Source Files</Filter>
    </ClCompile>
    <ClCompile Include="C:\Users\Merrow\source\plusoedi\src\domain\entities\Session.cpp">
      <Filter>Source Files</Filter>
    </ClCompile>
    <ClCompile Include="C:\Users\Merrow\source\plusoedi\src\domain\entities\User.cpp">
      <Filter>Source Files</Filter>
    </ClCompile>
    <ClCompile Include="C:\Users\Merrow\source\plusoedi\src\application\use_cases\AuthenticateUserUseCase.cpp">
      <Filter>Source Files</Filter>
    </ClCompile>
    <ClCompile Include="C:\Users\Merrow\source\plusoedi\src\infrastructure\adapters\PlaintextPasswordHasher.cpp">
      <Filter>Source Files</Filter>
    </ClCompile>
    <ClCompile Include="C:\Users\Merrow\source\plusoedi\src\infrastructure\adapters\SimpleTokenGenerator.cpp">
      <Filter>Source Files</Filter>
    </ClCompile>
    <ClCompile Include="C:\Users\Merrow\source\plusoedi\src\infrastructure\data\InMemoryAuditRepository.cpp">
      <Filter>Source Files</Filter>
    </ClCompile>
    <ClCompile Include="C:\Users\Merrow\source\plusoedi\src\infrastructure\data\InMemoryUserRepository.cpp">
      <Filter>Source Files</Filter>
    </ClCompile>
  </ItemGroup>
  <ItemGroup>
    <CustomBuild Include="C:\Users\Merrow\source\plusoedi\CMakeLists.txt" />
  </ItemGroup>
  <ItemGroup>
    <Filter Include="Source Files">
      <UniqueIdentifier>{2CFE1344-6786-3951-857F-60E31708F113}</UniqueIdentifier>
    </Filter>
  </ItemGroup>
</Project>
